
Microsoft Visual Studio Solution File, Format Version 12.00
# Visual Studio Version 17
VisualStudioVersion = 17.13.35919.96
MinimumVisualStudioVersion = 10.0.40219.1
Project("{FAE04EC0-301F-11D3-BF4B-00C04F79EFBC}") = "P01 - Demo", "P01 - Demo\P01 - Demo.csproj", "{4210A6A9-1FD6-4652-BA51-F04BB1CC9D2C}"
EndProject
Project("{FAE04EC0-301F-11D3-BF4B-00C04F79EFBC}") = "P02 - Demo - PoletaSvoistva - Metodi", "P02 - Demo - PoletaSvoistva - Metodi\P02 - Demo - PoletaSvoistva - Metodi.csproj", "{651C8812-BA46-4717-8DCE-4D2A0A50EC02}"
EndProject
Project("{FAE04EC0-301F-11D3-BF4B-00C04F79EFBC}") = "P10 - Cars", "P10 - Cars\P10 - Cars.csproj", "{FFF1A612-9554-418B-AB94-8D0F628A61ED}"
EndProject
Global
	GlobalSection(SolutionConfigurationPlatforms) = preSolution
		Debug|Any CPU = Debug|Any CPU
		Release|Any CPU = Release|Any CPU
	EndGlobalSection
	GlobalSection(ProjectConfigurationPlatforms) = postSolution
		{4210A6A9-1FD6-4652-BA51-F04BB1CC9D2C}.Debug|Any CPU.ActiveCfg = Debug|Any CPU
		{4210A6A9-1FD6-4652-BA51-F04BB1CC9D2C}.Debug|Any CPU.Build.0 = Debug|Any CPU
		{4210A6A9-1FD6-4652-BA51-F04BB1CC9D2C}.Release|Any CPU.ActiveCfg = Release|Any CPU
		{4210A6A9-1FD6-4652-BA51-F04BB1CC9D2C}.Release|Any CPU.Build.0 = Release|Any CPU
		{651C8812-BA46-4717-8DCE-4D2A0A50EC02}.Debug|Any CPU.ActiveCfg = Debug|Any CPU
		{651C8812-BA46-4717-8DCE-4D2A0A50EC02}.Debug|Any CPU.Build.0 = Debug|Any CPU
		{651C8812-BA46-4717-8DCE-4D2A0A50EC02}.Release|Any CPU.ActiveCfg = Release|Any CPU
		{651C8812-BA46-4717-8DCE-4D2A0A50EC02}.Release|Any CPU.Build.0 = Release|Any CPU
		{FFF1A612-9554-418B-AB94-8D0F628A61ED}.Debug|Any CPU.ActiveCfg = Debug|Any CPU
		{FFF1A612-9554-418B-AB94-8D0F628A61ED}.Debug|Any CPU.Build.0 = Debug|Any CPU
		{FFF1A612-9554-418B-AB94-8D0F628A61ED}.Release|Any CPU.ActiveCfg = Release|Any CPU
		{FFF1A612-9554-418B-AB94-8D0F628A61ED}.Release|Any CPU.Build.0 = Release|Any CPU
	EndGlobalSection
	GlobalSection(SolutionProperties) = preSolution
		HideSolutionNode = FALSE
	EndGlobalSection
	GlobalSection(ExtensibilityGlobals) = postSolution
		SolutionGuid = {C4501F0F-D5B4-4C11-B7F0-FB468219860F}
	EndGlobalSection
EndGlobal
