
Microsoft Visual Studio Solution File, Format Version 12.00
# Visual Studio Version 17
VisualStudioVersion = 17.13.35919.96 d17.13
MinimumVisualStudioVersion = 10.0.40219.1
Project("{FAE04EC0-301F-11D3-BF4B-00C04F79EFBC}") = "CursProject", "CursProject\CursProject.csproj", "{78912861-03FF-4A9A-82DD-2E7F883A4300}"
EndProject
Global
	GlobalSection(SolutionConfigurationPlatforms) = preSolution
		Debug|Any CPU = Debug|Any CPU
		Release|Any CPU = Release|Any CPU
	EndGlobalSection
	GlobalSection(ProjectConfigurationPlatforms) = postSolution
		{78912861-03FF-4A9A-82DD-2E7F883A4300}.Debug|Any CPU.ActiveCfg = Debug|Any CPU
		{78912861-03FF-4A9A-82DD-2E7F883A4300}.Debug|Any CPU.Build.0 = Debug|Any CPU
		{78912861-03FF-4A9A-82DD-2E7F883A4300}.Release|Any CPU.ActiveCfg = Release|Any CPU
		{78912861-03FF-4A9A-82DD-2E7F883A4300}.Release|Any CPU.Build.0 = Release|Any CPU
	EndGlobalSection
	GlobalSection(SolutionProperties) = preSolution
		HideSolutionNode = FALSE
	EndGlobalSection
	GlobalSection(ExtensibilityGlobals) = postSolution
		SolutionGuid = {6174208B-FA13-4376-8582-11CC9E75F48E}
	EndGlobalSection
EndGlobal
