
Microsoft Visual Studio Solution File, Format Version 12.00
# Visual Studio Version 17
VisualStudioVersion = 17.9.34902.65
MinimumVisualStudioVersion = 10.0.40219.1
Project("{9A19103F-16F7-4668-BE54-9A1E7A4F7556}") = "P01 - Demo1", "P01 - Demo1\P01 - Demo1.csproj", "{3BF38F0E-732F-4851-B84B-994B36D9B555}"
EndProject
Project("{FAE04EC0-301F-11D3-BF4B-00C04F79EFBC}") = "P02 - Demo", "P02 - Demo\P02 - Demo.csproj", "{DB04FD5D-C8E5-4618-905D-014CAE1A29CE}"
EndProject
Global
	GlobalSection(SolutionConfigurationPlatforms) = preSolution
		Debug|Any CPU = Debug|Any CPU
		Release|Any CPU = Release|Any CPU
	EndGlobalSection
	GlobalSection(ProjectConfigurationPlatforms) = postSolution
		{3BF38F0E-732F-4851-B84B-994B36D9B555}.Debug|Any CPU.ActiveCfg = Debug|Any CPU
		{3BF38F0E-732F-4851-B84B-994B36D9B555}.Debug|Any CPU.Build.0 = Debug|Any CPU
		{3BF38F0E-732F-4851-B84B-994B36D9B555}.Release|Any CPU.ActiveCfg = Release|Any CPU
		{3BF38F0E-732F-4851-B84B-994B36D9B555}.Release|Any CPU.Build.0 = Release|Any CPU
		{DB04FD5D-C8E5-4618-905D-014CAE1A29CE}.Debug|Any CPU.ActiveCfg = Debug|Any CPU
		{DB04FD5D-C8E5-4618-905D-014CAE1A29CE}.Debug|Any CPU.Build.0 = Debug|Any CPU
		{DB04FD5D-C8E5-4618-905D-014CAE1A29CE}.Release|Any CPU.ActiveCfg = Release|Any CPU
		{DB04FD5D-C8E5-4618-905D-014CAE1A29CE}.Release|Any CPU.Build.0 = Release|Any CPU
	EndGlobalSection
	GlobalSection(SolutionProperties) = preSolution
		HideSolutionNode = FALSE
	EndGlobalSection
	GlobalSection(ExtensibilityGlobals) = postSolution
		SolutionGuid = {1692FC28-021C-4C29-B2D9-4B345AB9D94B}
	EndGlobalSection
EndGlobal
