
Microsoft Visual Studio Solution File, Format Version 12.00
# Visual Studio Version 17
VisualStudioVersion = 17.13.35919.96 d17.13
MinimumVisualStudioVersion = 10.0.40219.1
Project("{FAE04EC0-301F-11D3-BF4B-00C04F79EFBC}") = "Zadacha25", "Zadacha25\Zadacha25.csproj", "{F5F0695C-84B2-40B9-B4A6-EA49636D4C99}"
EndProject
Global
	GlobalSection(SolutionConfigurationPlatforms) = preSolution
		Debug|Any CPU = Debug|Any CPU
		Release|Any CPU = Release|Any CPU
	EndGlobalSection
	GlobalSection(ProjectConfigurationPlatforms) = postSolution
		{F5F0695C-84B2-40B9-B4A6-EA49636D4C99}.Debug|Any CPU.ActiveCfg = Debug|Any CPU
		{F5F0695C-84B2-40B9-B4A6-EA49636D4C99}.Debug|Any CPU.Build.0 = Debug|Any CPU
		{F5F0695C-84B2-40B9-B4A6-EA49636D4C99}.Release|Any CPU.ActiveCfg = Release|Any CPU
		{F5F0695C-84B2-40B9-B4A6-EA49636D4C99}.Release|Any CPU.Build.0 = Release|Any CPU
	EndGlobalSection
	GlobalSection(SolutionProperties) = preSolution
		HideSolutionNode = FALSE
	EndGlobalSection
	GlobalSection(ExtensibilityGlobals) = postSolution
		SolutionGuid = {37547E59-8FC2-4BF4-AC67-9A72AD7AB6AB}
	EndGlobalSection
EndGlobal
