
Microsoft Visual Studio Solution File, Format Version 12.00
# Visual Studio Version 17
VisualStudioVersion = 17.9.34902.65
MinimumVisualStudioVersion = 10.0.40219.1
Project("{FAE04EC0-301F-11D3-BF4B-00C04F79EFBC}") = "p01 - Demo", "p01 - Demo\p01 - Demo.csproj", "{7688DA64-608D-48AA-98C9-51414903B3BF}"
EndProject
Project("{FAE04EC0-301F-11D3-BF4B-00C04F79EFBC}") = "p01 - IndexOf", "p01 - IndexOf\p01 - IndexOf.csproj", "{3F2468A3-2A09-420D-9390-7CBD74E2008C}"
EndProject
Project("{FAE04EC0-301F-11D3-BF4B-00C04F79EFBC}") = "p02 - Substring", "p02 - Substring\p02 - Substring.csproj", "{3B1989C4-0AC4-4582-B61F-8F6745D2FB7C}"
EndProject
Global
	GlobalSection(SolutionConfigurationPlatforms) = preSolution
		Debug|Any CPU = Debug|Any CPU
		Release|Any CPU = Release|Any CPU
	EndGlobalSection
	GlobalSection(ProjectConfigurationPlatforms) = postSolution
		{7688DA64-608D-48AA-98C9-51414903B3BF}.Debug|Any CPU.ActiveCfg = Debug|Any CPU
		{7688DA64-608D-48AA-98C9-51414903B3BF}.Debug|Any CPU.Build.0 = Debug|Any CPU
		{7688DA64-608D-48AA-98C9-51414903B3BF}.Release|Any CPU.ActiveCfg = Release|Any CPU
		{7688DA64-608D-48AA-98C9-51414903B3BF}.Release|Any CPU.Build.0 = Release|Any CPU
		{3F2468A3-2A09-420D-9390-7CBD74E2008C}.Debug|Any CPU.ActiveCfg = Debug|Any CPU
		{3F2468A3-2A09-420D-9390-7CBD74E2008C}.Debug|Any CPU.Build.0 = Debug|Any CPU
		{3F2468A3-2A09-420D-9390-7CBD74E2008C}.Release|Any CPU.ActiveCfg = Release|Any CPU
		{3F2468A3-2A09-420D-9390-7CBD74E2008C}.Release|Any CPU.Build.0 = Release|Any CPU
		{3B1989C4-0AC4-4582-B61F-8F6745D2FB7C}.Debug|Any CPU.ActiveCfg = Debug|Any CPU
		{3B1989C4-0AC4-4582-B61F-8F6745D2FB7C}.Debug|Any CPU.Build.0 = Debug|Any CPU
		{3B1989C4-0AC4-4582-B61F-8F6745D2FB7C}.Release|Any CPU.ActiveCfg = Release|Any CPU
		{3B1989C4-0AC4-4582-B61F-8F6745D2FB7C}.Release|Any CPU.Build.0 = Release|Any CPU
	EndGlobalSection
	GlobalSection(SolutionProperties) = preSolution
		HideSolutionNode = FALSE
	EndGlobalSection
	GlobalSection(ExtensibilityGlobals) = postSolution
		SolutionGuid = {B446FB97-9B1F-4694-95AD-561F9AF119A3}
	EndGlobalSection
EndGlobal
