
Microsoft Visual Studio Solution File, Format Version 12.00
# Visual Studio Version 17
VisualStudioVersion = 17.13.35919.96 d17.13
MinimumVisualStudioVersion = 10.0.40219.1
Project("{FAE04EC0-301F-11D3-BF4B-00C04F79EFBC}") = "WinFormTriangle", "WinFormTriangle\WinFormTriangle.csproj", "{A73765C0-2FF2-43C6-90A1-4B5204F5F43C}"
EndProject
Global
	GlobalSection(SolutionConfigurationPlatforms) = preSolution
		Debug|Any CPU = Debug|Any CPU
		Release|Any CPU = Release|Any CPU
	EndGlobalSection
	GlobalSection(ProjectConfigurationPlatforms) = postSolution
		{A73765C0-2FF2-43C6-90A1-4B5204F5F43C}.Debug|Any CPU.ActiveCfg = Debug|Any CPU
		{A73765C0-2FF2-43C6-90A1-4B5204F5F43C}.Debug|Any CPU.Build.0 = Debug|Any CPU
		{A73765C0-2FF2-43C6-90A1-4B5204F5F43C}.Release|Any CPU.ActiveCfg = Release|Any CPU
		{A73765C0-2FF2-43C6-90A1-4B5204F5F43C}.Release|Any CPU.Build.0 = Release|Any CPU
	EndGlobalSection
	GlobalSection(SolutionProperties) = preSolution
		HideSolutionNode = FALSE
	EndGlobalSection
	GlobalSection(ExtensibilityGlobals) = postSolution
		SolutionGuid = {25CD1C50-9361-4204-B64D-2E3D52E38B9C}
	EndGlobalSection
EndGlobal
